
Microsoft Visual Studio Solution File, Format Version 12.00
# Visual Studio 15
VisualStudioVersion = 15.0.26430.15
MinimumVisualStudioVersion = 10.0.40219.1
Project("{FAE04EC0-301F-11D3-BF4B-00C04F79EFBC}") = "MyAssembly", "MyAssembly\MyAssembly.csproj", "{7226DFDD-3CA4-412F-8619-B416806BECD7}"
EndProject
Project("{FAE04EC0-301F-11D3-BF4B-00C04F79EFBC}") = "WebApplication", "WebApplication\WebApplication.csproj", "{A5BE408A-9988-4BAC-8EFA-5BD68864D827}"
EndProject
Global
	GlobalSection(SolutionConfigurationPlatforms) = preSolution
		Debug|Any CPU = Debug|Any CPU
		Release|Any CPU = Release|Any CPU
	EndGlobalSection
	GlobalSection(ProjectConfigurationPlatforms) = postSolution
		{7226DFDD-3CA4-412F-8619-B416806BECD7}.Debug|Any CPU.ActiveCfg = Debug|Any CPU
		{7226DFDD-3CA4-412F-8619-B416806BECD7}.Debug|Any CPU.Build.0 = Debug|Any CPU
		{7226DFDD-3CA4-412F-8619-B416806BECD7}.Release|Any CPU.ActiveCfg = Release|Any CPU
		{7226DFDD-3CA4-412F-8619-B416806BECD7}.Release|Any CPU.Build.0 = Release|Any CPU
		{A5BE408A-9988-4BAC-8EFA-5BD68864D827}.Debug|Any CPU.ActiveCfg = Debug|Any CPU
		{A5BE408A-9988-4BAC-8EFA-5BD68864D827}.Debug|Any CPU.Build.0 = Debug|Any CPU
		{A5BE408A-9988-4BAC-8EFA-5BD68864D827}.Release|Any CPU.ActiveCfg = Release|Any CPU
		{A5BE408A-9988-4BAC-8EFA-5BD68864D827}.Release|Any CPU.Build.0 = Release|Any CPU
	EndGlobalSection
	GlobalSection(SolutionProperties) = preSolution
		HideSolutionNode = FALSE
	EndGlobalSection
EndGlobal
